
Microsoft Visual Studio Solution File, Format Version 12.00
# Visual Studio Version 16
VisualStudioVersion = 16.0.31515.178
MinimumVisualStudioVersion = 10.0.40219.1
Project("{8BC9CEB8-8B4A-11D0-8D11-00A0C91BC942}") = "AoC", "AoC\AoC.vcxproj", "{D8C6B232-169D-4707-AA3E-B92693DE99F8}"
EndProject
Project("{8BC9CEB8-8B4A-11D0-8D11-00A0C91BC942}") = "day1", "day1\day1.vcxproj", "{341898A1-D9D5-4EB2-B8C5-855A8B292B3A}"
EndProject
Project("{8BC9CEB8-8B4A-11D0-8D11-00A0C91BC942}") = "day2", "day2\day2.vcxproj", "{1C0A43C8-F9FD-4BAE-8178-0FD8724E053E}"
EndProject
Project("{8BC9CEB8-8B4A-11D0-8D11-00A0C91BC942}") = "day3", "day3\day3.vcxproj", "{B247508A-6351-406E-94DE-5CB8BF0F591F}"
EndProject
Project("{8BC9CEB8-8B4A-11D0-8D11-00A0C91BC942}") = "day4", "day4\day4.vcxproj", "{539A82EA-10CD-4CC8-8C02-8311C383B078}"
EndProject
Project("{8BC9CEB8-8B4A-11D0-8D11-00A0C91BC942}") = "day5", "day5\day5.vcxproj", "{8D38C8CF-306B-4103-8CC8-40AA26E0C337}"
EndProject
Project("{8BC9CEB8-8B4A-11D0-8D11-00A0C91BC942}") = "day6", "day6\day6.vcxproj", "{030699B7-8A3F-4A80-B2F5-E29217B313EC}"
EndProject
Global
	GlobalSection(SolutionConfigurationPlatforms) = preSolution
		Debug|x64 = Debug|x64
		Debug|x86 = Debug|x86
		Release|x64 = Release|x64
		Release|x86 = Release|x86
	EndGlobalSection
	GlobalSection(ProjectConfigurationPlatforms) = postSolution
		{D8C6B232-169D-4707-AA3E-B92693DE99F8}.Debug|x64.ActiveCfg = Debug|x64
		{D8C6B232-169D-4707-AA3E-B92693DE99F8}.Debug|x64.Build.0 = Debug|x64
		{D8C6B232-169D-4707-AA3E-B92693DE99F8}.Debug|x86.ActiveCfg = Debug|Win32
		{D8C6B232-169D-4707-AA3E-B92693DE99F8}.Debug|x86.Build.0 = Debug|Win32
		{D8C6B232-169D-4707-AA3E-B92693DE99F8}.Release|x64.ActiveCfg = Release|x64
		{D8C6B232-169D-4707-AA3E-B92693DE99F8}.Release|x64.Build.0 = Release|x64
		{D8C6B232-169D-4707-AA3E-B92693DE99F8}.Release|x86.ActiveCfg = Release|Win32
		{D8C6B232-169D-4707-AA3E-B92693DE99F8}.Release|x86.Build.0 = Release|Win32
		{341898A1-D9D5-4EB2-B8C5-855A8B292B3A}.Debug|x64.ActiveCfg = Debug|x64
		{341898A1-D9D5-4EB2-B8C5-855A8B292B3A}.Debug|x64.Build.0 = Debug|x64
		{341898A1-D9D5-4EB2-B8C5-855A8B292B3A}.Debug|x86.ActiveCfg = Debug|Win32
		{341898A1-D9D5-4EB2-B8C5-855A8B292B3A}.Debug|x86.Build.0 = Debug|Win32
		{341898A1-D9D5-4EB2-B8C5-855A8B292B3A}.Release|x64.ActiveCfg = Release|x64
		{341898A1-D9D5-4EB2-B8C5-855A8B292B3A}.Release|x64.Build.0 = Release|x64
		{341898A1-D9D5-4EB2-B8C5-855A8B292B3A}.Release|x86.ActiveCfg = Release|Win32
		{341898A1-D9D5-4EB2-B8C5-855A8B292B3A}.Release|x86.Build.0 = Release|Win32
		{1C0A43C8-F9FD-4BAE-8178-0FD8724E053E}.Debug|x64.ActiveCfg = Debug|x64
		{1C0A43C8-F9FD-4BAE-8178-0FD8724E053E}.Debug|x64.Build.0 = Debug|x64
		{1C0A43C8-F9FD-4BAE-8178-0FD8724E053E}.Debug|x86.ActiveCfg = Debug|Win32
		{1C0A43C8-F9FD-4BAE-8178-0FD8724E053E}.Debug|x86.Build.0 = Debug|Win32
		{1C0A43C8-F9FD-4BAE-8178-0FD8724E053E}.Release|x64.ActiveCfg = Release|x64
		{1C0A43C8-F9FD-4BAE-8178-0FD8724E053E}.Release|x64.Build.0 = Release|x64
		{1C0A43C8-F9FD-4BAE-8178-0FD8724E053E}.Release|x86.ActiveCfg = Release|Win32
		{1C0A43C8-F9FD-4BAE-8178-0FD8724E053E}.Release|x86.Build.0 = Release|Win32
		{B247508A-6351-406E-94DE-5CB8BF0F591F}.Debug|x64.ActiveCfg = Debug|x64
		{B247508A-6351-406E-94DE-5CB8BF0F591F}.Debug|x64.Build.0 = Debug|x64
		{B247508A-6351-406E-94DE-5CB8BF0F591F}.Debug|x86.ActiveCfg = Debug|Win32
		{B247508A-6351-406E-94DE-5CB8BF0F591F}.Debug|x86.Build.0 = Debug|Win32
		{B247508A-6351-406E-94DE-5CB8BF0F591F}.Release|x64.ActiveCfg = Release|x64
		{B247508A-6351-406E-94DE-5CB8BF0F591F}.Release|x64.Build.0 = Release|x64
		{B247508A-6351-406E-94DE-5CB8BF0F591F}.Release|x86.ActiveCfg = Release|Win32
		{B247508A-6351-406E-94DE-5CB8BF0F591F}.Release|x86.Build.0 = Release|Win32
		{539A82EA-10CD-4CC8-8C02-8311C383B078}.Debug|x64.ActiveCfg = Debug|x64
		{539A82EA-10CD-4CC8-8C02-8311C383B078}.Debug|x64.Build.0 = Debug|x64
		{539A82EA-10CD-4CC8-8C02-8311C383B078}.Debug|x86.ActiveCfg = Debug|Win32
		{539A82EA-10CD-4CC8-8C02-8311C383B078}.Debug|x86.Build.0 = Debug|Win32
		{539A82EA-10CD-4CC8-8C02-8311C383B078}.Release|x64.ActiveCfg = Release|x64
		{539A82EA-10CD-4CC8-8C02-8311C383B078}.Release|x64.Build.0 = Release|x64
		{539A82EA-10CD-4CC8-8C02-8311C383B078}.Release|x86.ActiveCfg = Release|Win32
		{539A82EA-10CD-4CC8-8C02-8311C383B078}.Release|x86.Build.0 = Release|Win32
		{8D38C8CF-306B-4103-8CC8-40AA26E0C337}.Debug|x64.ActiveCfg = Debug|x64
		{8D38C8CF-306B-4103-8CC8-40AA26E0C337}.Debug|x64.Build.0 = Debug|x64
		{8D38C8CF-306B-4103-8CC8-40AA26E0C337}.Debug|x86.ActiveCfg = Debug|Win32
		{8D38C8CF-306B-4103-8CC8-40AA26E0C337}.Debug|x86.Build.0 = Debug|Win32
		{8D38C8CF-306B-4103-8CC8-40AA26E0C337}.Release|x64.ActiveCfg = Release|x64
		{8D38C8CF-306B-4103-8CC8-40AA26E0C337}.Release|x64.Build.0 = Release|x64
		{8D38C8CF-306B-4103-8CC8-40AA26E0C337}.Release|x86.ActiveCfg = Release|Win32
		{8D38C8CF-306B-4103-8CC8-40AA26E0C337}.Release|x86.Build.0 = Release|Win32
		{030699B7-8A3F-4A80-B2F5-E29217B313EC}.Debug|x64.ActiveCfg = Debug|x64
		{030699B7-8A3F-4A80-B2F5-E29217B313EC}.Debug|x64.Build.0 = Debug|x64
		{030699B7-8A3F-4A80-B2F5-E29217B313EC}.Debug|x86.ActiveCfg = Debug|Win32
		{030699B7-8A3F-4A80-B2F5-E29217B313EC}.Debug|x86.Build.0 = Debug|Win32
		{030699B7-8A3F-4A80-B2F5-E29217B313EC}.Release|x64.ActiveCfg = Release|x64
		{030699B7-8A3F-4A80-B2F5-E29217B313EC}.Release|x64.Build.0 = Release|x64
		{030699B7-8A3F-4A80-B2F5-E29217B313EC}.Release|x86.ActiveCfg = Release|Win32
		{030699B7-8A3F-4A80-B2F5-E29217B313EC}.Release|x86.Build.0 = Release|Win32
	EndGlobalSection
	GlobalSection(SolutionProperties) = preSolution
		HideSolutionNode = FALSE
	EndGlobalSection
	GlobalSection(ExtensibilityGlobals) = postSolution
		SolutionGuid = {AB56F114-03CD-468E-86E2-12CF7FD67A7F}
	EndGlobalSection
EndGlobal
